// !$*UTF8*$!
{
	archiveVersion = 1;
	classes = {
	};
	objectVersion = 56;
	objects = {

/* Begin PBXBuildFile section */
		013220502BFDD4E000F3A2E9 /* AppDelegate.swift in Sources */ = {isa = PBXBuildFile; fileRef = 0132204F2BFDD4E000F3A2E9 /* AppDelegate.swift */; };
		013220522BFDD4E000F3A2E9 /* SceneDelegate.swift in Sources */ = {isa = PBXBuildFile; fileRef = 013220512BFDD4E000F3A2E9 /* SceneDelegate.swift */; };
		013220592BFDD4E100F3A2E9 /* Assets.xcassets in Resources */ = {isa = PBXBuildFile; fileRef = 013220582BFDD4E100F3A2E9 /* Assets.xcassets */; };
		0132205C2BFDD4E100F3A2E9 /* Base in Resources */ = {isa = PBXBuildFile; fileRef = 0132205B2BFDD4E100F3A2E9 /* Base */; };
		013220682BFDD5FE00F3A2E9 /* Colors.xcassets in Resources */ = {isa = PBXBuildFile; fileRef = 013220672BFDD5FE00F3A2E9 /* Colors.xcassets */; };
		0132206D2BFDD65100F3A2E9 /* SignInViewModel.swift in Sources */ = {isa = PBXBuildFile; fileRef = 0132206C2BFDD65100F3A2E9 /* SignInViewModel.swift */; };
		0132206F2BFDD69200F3A2E9 /* SignInViewController.swift in Sources */ = {isa = PBXBuildFile; fileRef = 0132206E2BFDD69200F3A2E9 /* SignInViewController.swift */; };
		013220762BFDDA4B00F3A2E9 /* CancellableSignInViewModel.swift in Sources */ = {isa = PBXBuildFile; fileRef = 013220752BFDDA4B00F3A2E9 /* CancellableSignInViewModel.swift */; };
		013220782BFDDA6600F3A2E9 /* CancellableSignInView.swift in Sources */ = {isa = PBXBuildFile; fileRef = 013220772BFDDA6600F3A2E9 /* CancellableSignInView.swift */; };
		0132207E2BFDDBEC00F3A2E9 /* Product.swift in Sources */ = {isa = PBXBuildFile; fileRef = 0132207D2BFDDBEC00F3A2E9 /* Product.swift */; };
		013220802BFDDBFC00F3A2E9 /* MultiplePipelineViewModel.swift in Sources */ = {isa = PBXBuildFile; fileRef = 0132207F2BFDDBFC00F3A2E9 /* MultiplePipelineViewModel.swift */; };
		013220822BFDDC1700F3A2E9 /* MultiplePipelineView.swift in Sources */ = {isa = PBXBuildFile; fileRef = 013220812BFDDC1700F3A2E9 /* MultiplePipelineView.swift */; };
		013220FC2C0082F200F3A2E9 /* EmptyPublisherViewModel.swift in Sources */ = {isa = PBXBuildFile; fileRef = 013220FB2C0082F200F3A2E9 /* EmptyPublisherViewModel.swift */; };
		013220FE2C00836400F3A2E9 /* EmptyPublisherViewController.swift in Sources */ = {isa = PBXBuildFile; fileRef = 013220FD2C00836400F3A2E9 /* EmptyPublisherViewController.swift */; };
		013221042C00846300F3A2E9 /* FailPublisherViewModel.swift in Sources */ = {isa = PBXBuildFile; fileRef = 013221032C00846300F3A2E9 /* FailPublisherViewModel.swift */; };
		013221062C00847F00F3A2E9 /* InvalidInput.swift in Sources */ = {isa = PBXBuildFile; fileRef = 013221052C00847F00F3A2E9 /* InvalidInput.swift */; };
		013221082C0084BC00F3A2E9 /* FailPublisherViewController.swift in Sources */ = {isa = PBXBuildFile; fileRef = 013221072C0084BC00F3A2E9 /* FailPublisherViewController.swift */; };
		0132210D2C00858300F3A2E9 /* FuturePublisherViewModel.swift in Sources */ = {isa = PBXBuildFile; fileRef = 0132210C2C00858300F3A2E9 /* FuturePublisherViewModel.swift */; };
		013221102C00859E00F3A2E9 /* PrimeCheckingError.swift in Sources */ = {isa = PBXBuildFile; fileRef = 0132210F2C00859E00F3A2E9 /* PrimeCheckingError.swift */; };
		013221122C0085B100F3A2E9 /* FuturePublisherView.swift in Sources */ = {isa = PBXBuildFile; fileRef = 013221112C0085B100F3A2E9 /* FuturePublisherView.swift */; };
		013221172C00866B00F3A2E9 /* JustSequenceViewModel.swift in Sources */ = {isa = PBXBuildFile; fileRef = 013221162C00866B00F3A2E9 /* JustSequenceViewModel.swift */; };
		0132211A2C0086A400F3A2E9 /* JustSequenceView.swift in Sources */ = {isa = PBXBuildFile; fileRef = 013221192C0086A400F3A2E9 /* JustSequenceView.swift */; };
/* End PBXBuildFile section */

/* Begin PBXFileReference section */
		0132204C2BFDD4E000F3A2E9 /* UIKitCombineTemplate.app */ = {isa = PBXFileReference; explicitFileType = wrapper.application; includeInIndex = 0; path = UIKitCombineTemplate.app; sourceTree = BUILT_PRODUCTS_DIR; };
		0132204F2BFDD4E000F3A2E9 /* AppDelegate.swift */ = {isa = PBXFileReference; lastKnownFileType = sourcecode.swift; path = AppDelegate.swift; sourceTree = "<group>"; };
		013220512BFDD4E000F3A2E9 /* SceneDelegate.swift */ = {isa = PBXFileReference; lastKnownFileType = sourcecode.swift; path = SceneDelegate.swift; sourceTree = "<group>"; };
		013220582BFDD4E100F3A2E9 /* Assets.xcassets */ = {isa = PBXFileReference; lastKnownFileType = folder.assetcatalog; path = Assets.xcassets; sourceTree = "<group>"; };
		0132205B2BFDD4E100F3A2E9 /* Base */ = {isa = PBXFileReference; lastKnownFileType = file.storyboard; name = Base; path = Base.lproj/LaunchScreen.storyboard; sourceTree = "<group>"; };
		0132205D2BFDD4E100F3A2E9 /* Info.plist */ = {isa = PBXFileReference; lastKnownFileType = text.plist.xml; path = Info.plist; sourceTree = "<group>"; };
		013220672BFDD5FE00F3A2E9 /* Colors.xcassets */ = {isa = PBXFileReference; lastKnownFileType = folder.assetcatalog; path = Colors.xcassets; sourceTree = "<group>"; };
		0132206C2BFDD65100F3A2E9 /* SignInViewModel.swift */ = {isa = PBXFileReference; lastKnownFileType = sourcecode.swift; path = SignInViewModel.swift; sourceTree = "<group>"; };
		0132206E2BFDD69200F3A2E9 /* SignInViewController.swift */ = {isa = PBXFileReference; lastKnownFileType = sourcecode.swift; path = SignInViewController.swift; sourceTree = "<group>"; };
		013220752BFDDA4B00F3A2E9 /* CancellableSignInViewModel.swift */ = {isa = PBXFileReference; lastKnownFileType = sourcecode.swift; path = CancellableSignInViewModel.swift; sourceTree = "<group>"; };
		013220772BFDDA6600F3A2E9 /* CancellableSignInView.swift */ = {isa = PBXFileReference; lastKnownFileType = sourcecode.swift; path = CancellableSignInView.swift; sourceTree = "<group>"; };
		0132207D2BFDDBEC00F3A2E9 /* Product.swift */ = {isa = PBXFileReference; lastKnownFileType = sourcecode.swift; path = Product.swift; sourceTree = "<group>"; };
		0132207F2BFDDBFC00F3A2E9 /* MultiplePipelineViewModel.swift */ = {isa = PBXFileReference; lastKnownFileType = sourcecode.swift; path = MultiplePipelineViewModel.swift; sourceTree = "<group>"; };
		013220812BFDDC1700F3A2E9 /* MultiplePipelineView.swift */ = {isa = PBXFileReference; lastKnownFileType = sourcecode.swift; path = MultiplePipelineView.swift; sourceTree = "<group>"; };
		013220FB2C0082F200F3A2E9 /* EmptyPublisherViewModel.swift */ = {isa = PBXFileReference; lastKnownFileType = sourcecode.swift; path = EmptyPublisherViewModel.swift; sourceTree = "<group>"; };
		013220FD2C00836400F3A2E9 /* EmptyPublisherViewController.swift */ = {isa = PBXFileReference; lastKnownFileType = sourcecode.swift; path = EmptyPublisherViewController.swift; sourceTree = "<group>"; };
		013221032C00846300F3A2E9 /* FailPublisherViewModel.swift */ = {isa = PBXFileReference; lastKnownFileType = sourcecode.swift; path = FailPublisherViewModel.swift; sourceTree = "<group>"; };
		013221052C00847F00F3A2E9 /* InvalidInput.swift */ = {isa = PBXFileReference; lastKnownFileType = sourcecode.swift; path = InvalidInput.swift; sourceTree = "<group>"; };
		013221072C0084BC00F3A2E9 /* FailPublisherViewController.swift */ = {isa = PBXFileReference; lastKnownFileType = sourcecode.swift; path = FailPublisherViewController.swift; sourceTree = "<group>"; };
		0132210C2C00858300F3A2E9 /* FuturePublisherViewModel.swift */ = {isa = PBXFileReference; lastKnownFileType = sourcecode.swift; path = FuturePublisherViewModel.swift; sourceTree = "<group>"; };
		0132210F2C00859E00F3A2E9 /* PrimeCheckingError.swift */ = {isa = PBXFileReference; lastKnownFileType = sourcecode.swift; path = PrimeCheckingError.swift; sourceTree = "<group>"; };
		013221112C0085B100F3A2E9 /* FuturePublisherView.swift */ = {isa = PBXFileReference; lastKnownFileType = sourcecode.swift; path = FuturePublisherView.swift; sourceTree = "<group>"; };
		013221162C00866B00F3A2E9 /* JustSequenceViewModel.swift */ = {isa = PBXFileReference; lastKnownFileType = sourcecode.swift; path = JustSequenceViewModel.swift; sourceTree = "<group>"; };
		013221192C0086A400F3A2E9 /* JustSequenceView.swift */ = {isa = PBXFileReference; lastKnownFileType = sourcecode.swift; path = JustSequenceView.swift; sourceTree = "<group>"; };
/* End PBXFileReference section */

/* Begin PBXFrameworksBuildPhase section */
		013220492BFDD4E000F3A2E9 /* Frameworks */ = {
			isa = PBXFrameworksBuildPhase;
			buildActionMask = 2147483647;
			files = (
			);
			runOnlyForDeploymentPostprocessing = 0;
		};
/* End PBXFrameworksBuildPhase section */

/* Begin PBXGroup section */
		013220432BFDD4E000F3A2E9 = {
			isa = PBXGroup;
			children = (
				0132204E2BFDD4E000F3A2E9 /* UIKitCombineTemplate */,
				0132204D2BFDD4E000F3A2E9 /* Products */,
			);
			sourceTree = "<group>";
		};
		0132204D2BFDD4E000F3A2E9 /* Products */ = {
			isa = PBXGroup;
			children = (
				0132204C2BFDD4E000F3A2E9 /* UIKitCombineTemplate.app */,
			);
			name = Products;
			sourceTree = "<group>";
		};
		0132204E2BFDD4E000F3A2E9 /* UIKitCombineTemplate */ = {
			isa = PBXGroup;
			children = (
				013220632BFDD55600F3A2E9 /* Application */,
				013220652BFDD58600F3A2E9 /* Modules */,
				013220642BFDD55F00F3A2E9 /* SupportingFiles */,
			);
			path = UIKitCombineTemplate;
			sourceTree = "<group>";
		};
		013220632BFDD55600F3A2E9 /* Application */ = {
			isa = PBXGroup;
			children = (
				0132204F2BFDD4E000F3A2E9 /* AppDelegate.swift */,
				013220512BFDD4E000F3A2E9 /* SceneDelegate.swift */,
			);
			path = Application;
			sourceTree = "<group>";
		};
		013220642BFDD55F00F3A2E9 /* SupportingFiles */ = {
			isa = PBXGroup;
			children = (
				0132205A2BFDD4E100F3A2E9 /* LaunchScreen.storyboard */,
				0132205D2BFDD4E100F3A2E9 /* Info.plist */,
				013220582BFDD4E100F3A2E9 /* Assets.xcassets */,
				013220672BFDD5FE00F3A2E9 /* Colors.xcassets */,
			);
			path = SupportingFiles;
			sourceTree = "<group>";
		};
		013220652BFDD58600F3A2E9 /* Modules */ = {
			isa = PBXGroup;
			children = (
				013220F52C00824700F3A2E9 /* Tasks_1-5_Module */,
				013220F62C00826000F3A2E9 /* Tasks_6-9_Module */,
			);
			path = Modules;
			sourceTree = "<group>";
		};
		013220662BFDD58E00F3A2E9 /* SignInModule */ = {
			isa = PBXGroup;
			children = (
				0132206B2BFDD62300F3A2E9 /* Model */,
				0132206A2BFDD61E00F3A2E9 /* View */,
				013220692BFDD61900F3A2E9 /* ViewModel */,
			);
			path = SignInModule;
			sourceTree = "<group>";
		};
		013220692BFDD61900F3A2E9 /* ViewModel */ = {
			isa = PBXGroup;
			children = (
				0132206C2BFDD65100F3A2E9 /* SignInViewModel.swift */,
			);
			path = ViewModel;
			sourceTree = "<group>";
		};
		0132206A2BFDD61E00F3A2E9 /* View */ = {
			isa = PBXGroup;
			children = (
				0132206E2BFDD69200F3A2E9 /* SignInViewController.swift */,
			);
			path = View;
			sourceTree = "<group>";
		};
		0132206B2BFDD62300F3A2E9 /* Model */ = {
			isa = PBXGroup;
			children = (
			);
			path = Model;
			sourceTree = "<group>";
		};
		013220712BFDD9FC00F3A2E9 /* CancellableSignInModule */ = {
			isa = PBXGroup;
			children = (
				013220742BFDDA1600F3A2E9 /* Model */,
				013220732BFDDA1000F3A2E9 /* View */,
				013220722BFDDA0A00F3A2E9 /* ViewModel */,
			);
			path = CancellableSignInModule;
			sourceTree = "<group>";
		};
		013220722BFDDA0A00F3A2E9 /* ViewModel */ = {
			isa = PBXGroup;
			children = (
				013220752BFDDA4B00F3A2E9 /* CancellableSignInViewModel.swift */,
			);
			path = ViewModel;
			sourceTree = "<group>";
		};
		013220732BFDDA1000F3A2E9 /* View */ = {
			isa = PBXGroup;
			children = (
				013220772BFDDA6600F3A2E9 /* CancellableSignInView.swift */,
			);
			path = View;
			sourceTree = "<group>";
		};
		013220742BFDDA1600F3A2E9 /* Model */ = {
			isa = PBXGroup;
			children = (
			);
			path = Model;
			sourceTree = "<group>";
		};
		013220792BFDDBB900F3A2E9 /* MultiplePipelineModule */ = {
			isa = PBXGroup;
			children = (
				0132207C2BFDDBDD00F3A2E9 /* Model */,
				0132207B2BFDDBD900F3A2E9 /* View */,
				0132207A2BFDDBC600F3A2E9 /* ViewModel */,
			);
			path = MultiplePipelineModule;
			sourceTree = "<group>";
		};
		0132207A2BFDDBC600F3A2E9 /* ViewModel */ = {
			isa = PBXGroup;
			children = (
				0132207F2BFDDBFC00F3A2E9 /* MultiplePipelineViewModel.swift */,
			);
			path = ViewModel;
			sourceTree = "<group>";
		};
		0132207B2BFDDBD900F3A2E9 /* View */ = {
			isa = PBXGroup;
			children = (
				013220812BFDDC1700F3A2E9 /* MultiplePipelineView.swift */,
			);
			path = View;
			sourceTree = "<group>";
		};
		0132207C2BFDDBDD00F3A2E9 /* Model */ = {
			isa = PBXGroup;
			children = (
				0132207D2BFDDBEC00F3A2E9 /* Product.swift */,
			);
			path = Model;
			sourceTree = "<group>";
		};
		013220F52C00824700F3A2E9 /* Tasks_1-5_Module */ = {
			isa = PBXGroup;
			children = (
				013220662BFDD58E00F3A2E9 /* SignInModule */,
				013220712BFDD9FC00F3A2E9 /* CancellableSignInModule */,
				013220792BFDDBB900F3A2E9 /* MultiplePipelineModule */,
			);
			path = "Tasks_1-5_Module";
			sourceTree = "<group>";
		};
		013220F62C00826000F3A2E9 /* Tasks_6-9_Module */ = {
			isa = PBXGroup;
			children = (
				013220F72C00829500F3A2E9 /* EmptyPublisherModule */,
				013220FF2C00842C00F3A2E9 /* FailPublisherModule */,
				013221092C00853F00F3A2E9 /* FuturePublisherModule */,
				013221132C0085D300F3A2E9 /* JustSequenceModule */,
			);
			path = "Tasks_6-9_Module";
			sourceTree = "<group>";
		};
		013220F72C00829500F3A2E9 /* EmptyPublisherModule */ = {
			isa = PBXGroup;
			children = (
				013220FA2C0082CA00F3A2E9 /* Model */,
				013220F92C0082C400F3A2E9 /* View */,
				013220F82C0082B700F3A2E9 /* ViewModel */,
			);
			path = EmptyPublisherModule;
			sourceTree = "<group>";
		};
		013220F82C0082B700F3A2E9 /* ViewModel */ = {
			isa = PBXGroup;
			children = (
				013220FB2C0082F200F3A2E9 /* EmptyPublisherViewModel.swift */,
			);
			path = ViewModel;
			sourceTree = "<group>";
		};
		013220F92C0082C400F3A2E9 /* View */ = {
			isa = PBXGroup;
			children = (
				013220FD2C00836400F3A2E9 /* EmptyPublisherViewController.swift */,
			);
			path = View;
			sourceTree = "<group>";
		};
		013220FA2C0082CA00F3A2E9 /* Model */ = {
			isa = PBXGroup;
			children = (
			);
			path = Model;
			sourceTree = "<group>";
		};
		013220FF2C00842C00F3A2E9 /* FailPublisherModule */ = {
			isa = PBXGroup;
			children = (
				013221022C00845200F3A2E9 /* Model */,
				013221012C00844700F3A2E9 /* View */,
				013221002C00844200F3A2E9 /* ViewModel */,
			);
			path = FailPublisherModule;
			sourceTree = "<group>";
		};
		013221002C00844200F3A2E9 /* ViewModel */ = {
			isa = PBXGroup;
			children = (
				013221032C00846300F3A2E9 /* FailPublisherViewModel.swift */,
			);
			path = ViewModel;
			sourceTree = "<group>";
		};
		013221012C00844700F3A2E9 /* View */ = {
			isa = PBXGroup;
			children = (
				013221072C0084BC00F3A2E9 /* FailPublisherViewController.swift */,
			);
			path = View;
			sourceTree = "<group>";
		};
		013221022C00845200F3A2E9 /* Model */ = {
			isa = PBXGroup;
			children = (
				013221052C00847F00F3A2E9 /* InvalidInput.swift */,
			);
			path = Model;
			sourceTree = "<group>";
		};
		013221092C00853F00F3A2E9 /* FuturePublisherModule */ = {
			isa = PBXGroup;
			children = (
				0132210E2C00859000F3A2E9 /* Model */,
				0132210B2C00856500F3A2E9 /* View */,
				0132210A2C00855600F3A2E9 /* ViewModel */,
			);
			path = FuturePublisherModule;
			sourceTree = "<group>";
		};
		0132210A2C00855600F3A2E9 /* ViewModel */ = {
			isa = PBXGroup;
			children = (
				0132210C2C00858300F3A2E9 /* FuturePublisherViewModel.swift */,
			);
			path = ViewModel;
			sourceTree = "<group>";
		};
		0132210B2C00856500F3A2E9 /* View */ = {
			isa = PBXGroup;
			children = (
				013221112C0085B100F3A2E9 /* FuturePublisherView.swift */,
			);
			path = View;
			sourceTree = "<group>";
		};
		0132210E2C00859000F3A2E9 /* Model */ = {
			isa = PBXGroup;
			children = (
				0132210F2C00859E00F3A2E9 /* PrimeCheckingError.swift */,
			);
			path = Model;
			sourceTree = "<group>";
		};
		013221132C0085D300F3A2E9 /* JustSequenceModule */ = {
			isa = PBXGroup;
			children = (
				013221152C0085EA00F3A2E9 /* Model */,
				013221182C00867700F3A2E9 /* View */,
				013221142C0085E500F3A2E9 /* ViewModel */,
			);
			path = JustSequenceModule;
			sourceTree = "<group>";
		};
		013221142C0085E500F3A2E9 /* ViewModel */ = {
			isa = PBXGroup;
			children = (
				013221162C00866B00F3A2E9 /* JustSequenceViewModel.swift */,
			);
			path = ViewModel;
			sourceTree = "<group>";
		};
		013221152C0085EA00F3A2E9 /* Model */ = {
			isa = PBXGroup;
			children = (
			);
			path = Model;
			sourceTree = "<group>";
		};
		013221182C00867700F3A2E9 /* View */ = {
			isa = PBXGroup;
			children = (
				013221192C0086A400F3A2E9 /* JustSequenceView.swift */,
			);
			path = View;
			sourceTree = "<group>";
		};
/* End PBXGroup section */

/* Begin PBXNativeTarget section */
		0132204B2BFDD4E000F3A2E9 /* UIKitCombineTemplate */ = {
			isa = PBXNativeTarget;
			buildConfigurationList = 013220602BFDD4E100F3A2E9 /* Build configuration list for PBXNativeTarget "UIKitCombineTemplate" */;
			buildPhases = (
				013220482BFDD4E000F3A2E9 /* Sources */,
				013220492BFDD4E000F3A2E9 /* Frameworks */,
				0132204A2BFDD4E000F3A2E9 /* Resources */,
			);
			buildRules = (
			);
			dependencies = (
			);
			name = UIKitCombineTemplate;
			productName = UIKitCombineTemplate;
			productReference = 0132204C2BFDD4E000F3A2E9 /* UIKitCombineTemplate.app */;
			productType = "com.apple.product-type.application";
		};
/* End PBXNativeTarget section */

/* Begin PBXProject section */
		013220442BFDD4E000F3A2E9 /* Project object */ = {
			isa = PBXProject;
			attributes = {
				BuildIndependentTargetsInParallel = 1;
				LastSwiftUpdateCheck = 1540;
				LastUpgradeCheck = 1540;
				TargetAttributes = {
					0132204B2BFDD4E000F3A2E9 = {
						CreatedOnToolsVersion = 15.4;
					};
				};
			};
			buildConfigurationList = 013220472BFDD4E000F3A2E9 /* Build configuration list for PBXProject "UIKitCombineTemplate" */;
			compatibilityVersion = "Xcode 14.0";
			developmentRegion = en;
			hasScannedForEncodings = 0;
			knownRegions = (
				en,
				Base,
			);
			mainGroup = 013220432BFDD4E000F3A2E9;
			productRefGroup = 0132204D2BFDD4E000F3A2E9 /* Products */;
			projectDirPath = "";
			projectRoot = "";
			targets = (
				0132204B2BFDD4E000F3A2E9 /* UIKitCombineTemplate */,
			);
		};
/* End PBXProject section */

/* Begin PBXResourcesBuildPhase section */
		0132204A2BFDD4E000F3A2E9 /* Resources */ = {
			isa = PBXResourcesBuildPhase;
			buildActionMask = 2147483647;
			files = (
				013220682BFDD5FE00F3A2E9 /* Colors.xcassets in Resources */,
				013220592BFDD4E100F3A2E9 /* Assets.xcassets in Resources */,
				0132205C2BFDD4E100F3A2E9 /* Base in Resources */,
			);
			runOnlyForDeploymentPostprocessing = 0;
		};
/* End PBXResourcesBuildPhase section */

/* Begin PBXSourcesBuildPhase section */
		013220482BFDD4E000F3A2E9 /* Sources */ = {
			isa = PBXSourcesBuildPhase;
			buildActionMask = 2147483647;
			files = (
				013220FE2C00836400F3A2E9 /* EmptyPublisherViewController.swift in Sources */,
				013220802BFDDBFC00F3A2E9 /* MultiplePipelineViewModel.swift in Sources */,
				0132210D2C00858300F3A2E9 /* FuturePublisherViewModel.swift in Sources */,
				013221122C0085B100F3A2E9 /* FuturePublisherView.swift in Sources */,
				0132211A2C0086A400F3A2E9 /* JustSequenceView.swift in Sources */,
				013220FC2C0082F200F3A2E9 /* EmptyPublisherViewModel.swift in Sources */,
				0132206D2BFDD65100F3A2E9 /* SignInViewModel.swift in Sources */,
				013220502BFDD4E000F3A2E9 /* AppDelegate.swift in Sources */,
				013221102C00859E00F3A2E9 /* PrimeCheckingError.swift in Sources */,
				013220762BFDDA4B00F3A2E9 /* CancellableSignInViewModel.swift in Sources */,
				013220782BFDDA6600F3A2E9 /* CancellableSignInView.swift in Sources */,
				013220822BFDDC1700F3A2E9 /* MultiplePipelineView.swift in Sources */,
				013221062C00847F00F3A2E9 /* InvalidInput.swift in Sources */,
				013220522BFDD4E000F3A2E9 /* SceneDelegate.swift in Sources */,
				013221042C00846300F3A2E9 /* FailPublisherViewModel.swift in Sources */,
				013221082C0084BC00F3A2E9 /* FailPublisherViewController.swift in Sources */,
				0132206F2BFDD69200F3A2E9 /* SignInViewController.swift in Sources */,
				0132207E2BFDDBEC00F3A2E9 /* Product.swift in Sources */,
				013221172C00866B00F3A2E9 /* JustSequenceViewModel.swift in Sources */,
			);
			runOnlyForDeploymentPostprocessing = 0;
		};
/* End PBXSourcesBuildPhase section */

/* Begin PBXVariantGroup section */
		0132205A2BFDD4E100F3A2E9 /* LaunchScreen.storyboard */ = {
			isa = PBXVariantGroup;
			children = (
				0132205B2BFDD4E100F3A2E9 /* Base */,
			);
			name = LaunchScreen.storyboard;
			sourceTree = "<group>";
		};
/* End PBXVariantGroup section */

/* Begin XCBuildConfiguration section */
		0132205E2BFDD4E100F3A2E9 /* Debug */ = {
			isa = XCBuildConfiguration;
			buildSettings = {
				ALWAYS_SEARCH_USER_PATHS = NO;
				ASSETCATALOG_COMPILER_GENERATE_SWIFT_ASSET_SYMBOL_EXTENSIONS = YES;
				CLANG_ANALYZER_NONNULL = YES;
				CLANG_ANALYZER_NUMBER_OBJECT_CONVERSION = YES_AGGRESSIVE;
				CLANG_CXX_LANGUAGE_STANDARD = "gnu++20";
				CLANG_ENABLE_MODULES = YES;
				CLANG_ENABLE_OBJC_ARC = YES;
				CLANG_ENABLE_OBJC_WEAK = YES;
				CLANG_WARN_BLOCK_CAPTURE_AUTORELEASING = YES;
				CLANG_WARN_BOOL_CONVERSION = YES;
				CLANG_WARN_COMMA = YES;
				CLANG_WARN_CONSTANT_CONVERSION = YES;
				CLANG_WARN_DEPRECATED_OBJC_IMPLEMENTATIONS = YES;
				CLANG_WARN_DIRECT_OBJC_ISA_USAGE = YES_ERROR;
				CLANG_WARN_DOCUMENTATION_COMMENTS = YES;
				CLANG_WARN_EMPTY_BODY = YES;
				CLANG_WARN_ENUM_CONVERSION = YES;
				CLANG_WARN_INFINITE_RECURSION = YES;
				CLANG_WARN_INT_CONVERSION = YES;
				CLANG_WARN_NON_LITERAL_NULL_CONVERSION = YES;
				CLANG_WARN_OBJC_IMPLICIT_RETAIN_SELF = YES;
				CLANG_WARN_OBJC_LITERAL_CONVERSION = YES;
				CLANG_WARN_OBJC_ROOT_CLASS = YES_ERROR;
				CLANG_WARN_QUOTED_INCLUDE_IN_FRAMEWORK_HEADER = YES;
				CLANG_WARN_RANGE_LOOP_ANALYSIS = YES;
				CLANG_WARN_STRICT_PROTOTYPES = YES;
				CLANG_WARN_SUSPICIOUS_MOVE = YES;
				CLANG_WARN_UNGUARDED_AVAILABILITY = YES_AGGRESSIVE;
				CLANG_WARN_UNREACHABLE_CODE = YES;
				CLANG_WARN__DUPLICATE_METHOD_MATCH = YES;
				COPY_PHASE_STRIP = NO;
				DEBUG_INFORMATION_FORMAT = dwarf;
				ENABLE_STRICT_OBJC_MSGSEND = YES;
				ENABLE_TESTABILITY = YES;
				ENABLE_USER_SCRIPT_SANDBOXING = YES;
				GCC_C_LANGUAGE_STANDARD = gnu17;
				GCC_DYNAMIC_NO_PIC = NO;
				GCC_NO_COMMON_BLOCKS = YES;
				GCC_OPTIMIZATION_LEVEL = 0;
				GCC_PREPROCESSOR_DEFINITIONS = (
					"DEBUG=1",
					"$(inherited)",
				);
				GCC_WARN_64_TO_32_BIT_CONVERSION = YES;
				GCC_WARN_ABOUT_RETURN_TYPE = YES_ERROR;
				GCC_WARN_UNDECLARED_SELECTOR = YES;
				GCC_WARN_UNINITIALIZED_AUTOS = YES_AGGRESSIVE;
				GCC_WARN_UNUSED_FUNCTION = YES;
				GCC_WARN_UNUSED_VARIABLE = YES;
				IPHONEOS_DEPLOYMENT_TARGET = 17.5;
				LOCALIZATION_PREFERS_STRING_CATALOGS = YES;
				MTL_ENABLE_DEBUG_INFO = INCLUDE_SOURCE;
				MTL_FAST_MATH = YES;
				ONLY_ACTIVE_ARCH = YES;
				SDKROOT = iphoneos;
				SWIFT_ACTIVE_COMPILATION_CONDITIONS = "DEBUG $(inherited)";
				SWIFT_OPTIMIZATION_LEVEL = "-Onone";
			};
			name = Debug;
		};
		0132205F2BFDD4E100F3A2E9 /* Release */ = {
			isa = XCBuildConfiguration;
			buildSettings = {
				ALWAYS_SEARCH_USER_PATHS = NO;
				ASSETCATALOG_COMPILER_GENERATE_SWIFT_ASSET_SYMBOL_EXTENSIONS = YES;
				CLANG_ANALYZER_NONNULL = YES;
				CLANG_ANALYZER_NUMBER_OBJECT_CONVERSION = YES_AGGRESSIVE;
				CLANG_CXX_LANGUAGE_STANDARD = "gnu++20";
				CLANG_ENABLE_MODULES = YES;
				CLANG_ENABLE_OBJC_ARC = YES;
				CLANG_ENABLE_OBJC_WEAK = YES;
				CLANG_WARN_BLOCK_CAPTURE_AUTORELEASING = YES;
				CLANG_WARN_BOOL_CONVERSION = YES;
				CLANG_WARN_COMMA = YES;
				CLANG_WARN_CONSTANT_CONVERSION = YES;
				CLANG_WARN_DEPRECATED_OBJC_IMPLEMENTATIONS = YES;
				CLANG_WARN_DIRECT_OBJC_ISA_USAGE = YES_ERROR;
				CLANG_WARN_DOCUMENTATION_COMMENTS = YES;
				CLANG_WARN_EMPTY_BODY = YES;
				CLANG_WARN_ENUM_CONVERSION = YES;
				CLANG_WARN_INFINITE_RECURSION = YES;
				CLANG_WARN_INT_CONVERSION = YES;
				CLANG_WARN_NON_LITERAL_NULL_CONVERSION = YES;
				CLANG_WARN_OBJC_IMPLICIT_RETAIN_SELF = YES;
				CLANG_WARN_OBJC_LITERAL_CONVERSION = YES;
				CLANG_WARN_OBJC_ROOT_CLASS = YES_ERROR;
				CLANG_WARN_QUOTED_INCLUDE_IN_FRAMEWORK_HEADER = YES;
				CLANG_WARN_RANGE_LOOP_ANALYSIS = YES;
				CLANG_WARN_STRICT_PROTOTYPES = YES;
				CLANG_WARN_SUSPICIOUS_MOVE = YES;
				CLANG_WARN_UNGUARDED_AVAILABILITY = YES_AGGRESSIVE;
				CLANG_WARN_UNREACHABLE_CODE = YES;
				CLANG_WARN__DUPLICATE_METHOD_MATCH = YES;
				COPY_PHASE_STRIP = NO;
				DEBUG_INFORMATION_FORMAT = "dwarf-with-dsym";
				ENABLE_NS_ASSERTIONS = NO;
				ENABLE_STRICT_OBJC_MSGSEND = YES;
				ENABLE_USER_SCRIPT_SANDBOXING = YES;
				GCC_C_LANGUAGE_STANDARD = gnu17;
				GCC_NO_COMMON_BLOCKS = YES;
				GCC_WARN_64_TO_32_BIT_CONVERSION = YES;
				GCC_WARN_ABOUT_RETURN_TYPE = YES_ERROR;
				GCC_WARN_UNDECLARED_SELECTOR = YES;
				GCC_WARN_UNINITIALIZED_AUTOS = YES_AGGRESSIVE;
				GCC_WARN_UNUSED_FUNCTION = YES;
				GCC_WARN_UNUSED_VARIABLE = YES;
				IPHONEOS_DEPLOYMENT_TARGET = 17.5;
				LOCALIZATION_PREFERS_STRING_CATALOGS = YES;
				MTL_ENABLE_DEBUG_INFO = NO;
				MTL_FAST_MATH = YES;
				SDKROOT = iphoneos;
				SWIFT_COMPILATION_MODE = wholemodule;
				VALIDATE_PRODUCT = YES;
			};
			name = Release;
		};
		013220612BFDD4E100F3A2E9 /* Debug */ = {
			isa = XCBuildConfiguration;
			buildSettings = {
				ASSETCATALOG_COMPILER_APPICON_NAME = AppIcon;
				ASSETCATALOG_COMPILER_GLOBAL_ACCENT_COLOR_NAME = AccentColor;
				CODE_SIGN_STYLE = Automatic;
				CURRENT_PROJECT_VERSION = 1;
				GENERATE_INFOPLIST_FILE = YES;
				INFOPLIST_FILE = UIKitCombineTemplate/SupportingFiles/Info.plist;
				INFOPLIST_KEY_UIApplicationSupportsIndirectInputEvents = YES;
				INFOPLIST_KEY_UILaunchStoryboardName = LaunchScreen;
				INFOPLIST_KEY_UISupportedInterfaceOrientations_iPad = "UIInterfaceOrientationPortrait UIInterfaceOrientationPortraitUpsideDown UIInterfaceOrientationLandscapeLeft UIInterfaceOrientationLandscapeRight";
				INFOPLIST_KEY_UISupportedInterfaceOrientations_iPhone = "UIInterfaceOrientationPortrait UIInterfaceOrientationLandscapeLeft UIInterfaceOrientationLandscapeRight";
				LD_RUNPATH_SEARCH_PATHS = (
					"$(inherited)",
					"@executable_path/Frameworks",
				);
				MARKETING_VERSION = 1.0;
				PRODUCT_BUNDLE_IDENTIFIER = com.UIKitCombineTemplate;
				PRODUCT_NAME = "$(TARGET_NAME)";
				SWIFT_EMIT_LOC_STRINGS = YES;
				SWIFT_VERSION = 5.0;
				TARGETED_DEVICE_FAMILY = "1,2";
			};
			name = Debug;
		};
		013220622BFDD4E100F3A2E9 /* Release */ = {
			isa = XCBuildConfiguration;
			buildSettings = {
				ASSETCATALOG_COMPILER_APPICON_NAME = AppIcon;
				ASSETCATALOG_COMPILER_GLOBAL_ACCENT_COLOR_NAME = AccentColor;
				CODE_SIGN_STYLE = Automatic;
				CURRENT_PROJECT_VERSION = 1;
				GENERATE_INFOPLIST_FILE = YES;
				INFOPLIST_FILE = UIKitCombineTemplate/SupportingFiles/Info.plist;
				INFOPLIST_KEY_UIApplicationSupportsIndirectInputEvents = YES;
				INFOPLIST_KEY_UILaunchStoryboardName = LaunchScreen;
				INFOPLIST_KEY_UISupportedInterfaceOrientations_iPad = "UIInterfaceOrientationPortrait UIInterfaceOrientationPortraitUpsideDown UIInterfaceOrientationLandscapeLeft UIInterfaceOrientationLandscapeRight";
				INFOPLIST_KEY_UISupportedInterfaceOrientations_iPhone = "UIInterfaceOrientationPortrait UIInterfaceOrientationLandscapeLeft UIInterfaceOrientationLandscapeRight";
				LD_RUNPATH_SEARCH_PATHS = (
					"$(inherited)",
					"@executable_path/Frameworks",
				);
				MARKETING_VERSION = 1.0;
				PRODUCT_BUNDLE_IDENTIFIER = com.UIKitCombineTemplate;
				PRODUCT_NAME = "$(TARGET_NAME)";
				SWIFT_EMIT_LOC_STRINGS = YES;
				SWIFT_VERSION = 5.0;
				TARGETED_DEVICE_FAMILY = "1,2";
			};
			name = Release;
		};
/* End XCBuildConfiguration section */

/* Begin XCConfigurationList section */
		013220472BFDD4E000F3A2E9 /* Build configuration list for PBXProject "UIKitCombineTemplate" */ = {
			isa = XCConfigurationList;
			buildConfigurations = (
				0132205E2BFDD4E100F3A2E9 /* Debug */,
				0132205F2BFDD4E100F3A2E9 /* Release */,
			);
			defaultConfigurationIsVisible = 0;
			defaultConfigurationName = Release;
		};
		013220602BFDD4E100F3A2E9 /* Build configuration list for PBXNativeTarget "UIKitCombineTemplate" */ = {
			isa = XCConfigurationList;
			buildConfigurations = (
				013220612BFDD4E100F3A2E9 /* Debug */,
				013220622BFDD4E100F3A2E9 /* Release */,
			);
			defaultConfigurationIsVisible = 0;
			defaultConfigurationName = Release;
		};
/* End XCConfigurationList section */
	};
	rootObject = 013220442BFDD4E000F3A2E9 /* Project object */;
}
